
Microsoft Visual Studio Solution File, Format Version 12.00
# Visual Studio 15
VisualStudioVersion = 15.0.27703.2042
MinimumVisualStudioVersion = 10.0.40219.1
Project("{FAE04EC0-301F-11D3-BF4B-00C04F79EFBC}") = "HelloWorldCore", "HelloWorldCore\HelloWorldCore.csproj", "{C310C3C5-7012-49AE-9344-5C219E4BE7B7}"
EndProject
Project("{E53339B2-1760-4266-BCC7-CA923CBCF16C}") = "docker-compose", "docker-compose.dcproj", "{3EBBD3A6-8ED9-49E4-9751-26B5D00407A8}"
EndProject
Global
	GlobalSection(SolutionConfigurationPlatforms) = preSolution
		Debug|Any CPU = Debug|Any CPU
		Release|Any CPU = Release|Any CPU
	EndGlobalSection
	GlobalSection(ProjectConfigurationPlatforms) = postSolution
		{C310C3C5-7012-49AE-9344-5C219E4BE7B7}.Debug|Any CPU.ActiveCfg = Debug|Any CPU
		{C310C3C5-7012-49AE-9344-5C219E4BE7B7}.Debug|Any CPU.Build.0 = Debug|Any CPU
		{C310C3C5-7012-49AE-9344-5C219E4BE7B7}.Release|Any CPU.ActiveCfg = Release|Any CPU
		{C310C3C5-7012-49AE-9344-5C219E4BE7B7}.Release|Any CPU.Build.0 = Release|Any CPU
		{3EBBD3A6-8ED9-49E4-9751-26B5D00407A8}.Debug|Any CPU.ActiveCfg = Debug|Any CPU
		{3EBBD3A6-8ED9-49E4-9751-26B5D00407A8}.Debug|Any CPU.Build.0 = Debug|Any CPU
		{3EBBD3A6-8ED9-49E4-9751-26B5D00407A8}.Release|Any CPU.ActiveCfg = Release|Any CPU
		{3EBBD3A6-8ED9-49E4-9751-26B5D00407A8}.Release|Any CPU.Build.0 = Release|Any CPU
	EndGlobalSection
	GlobalSection(SolutionProperties) = preSolution
		HideSolutionNode = FALSE
	EndGlobalSection
	GlobalSection(ExtensibilityGlobals) = postSolution
		SolutionGuid = {DDEF4E47-4E43-431F-BE25-6073C05D3276}
	EndGlobalSection
EndGlobal
